<?xml version="1.0" encoding="utf-8"?>
<Project ToolsVersion="18.0" xmlns="http://schemas.microsoft.com/developer/msbuild/2003">
  <ItemGroup>
    <ClCompile Include="E:\ceaserzhao\cebu\test_cmake_package\main.cpp">
      <Filter>Source Files</Filter>
    </ClCompile>
  </ItemGroup>
  <ItemGroup>
    <CustomBuild Include="E:\ceaserzhao\cebu\test_cmake_package\CMakeLists.txt" />
  </ItemGroup>
  <ItemGroup>
    <Filter Include="Source Files">
      <UniqueIdentifier>{4E12638A-32D0-3D92-B1B7-8E6033E5D844}</UniqueIdentifier>
    </Filter>
  </ItemGroup>
</Project>
