<?xml version="1.0" encoding="utf-8"?>
<Project ToolsVersion="18.0" xmlns="http://schemas.microsoft.com/developer/msbuild/2003">
  <ItemGroup>
    <ClCompile Include="D:\github projects\cebu\src\simplex.cpp">
      <Filter>Source Files</Filter>
    </ClCompile>
    <ClCompile Include="D:\github projects\cebu\src\simplicial_complex.cpp">
      <Filter>Source Files</Filter>
    </ClCompile>
    <ClCompile Include="D:\github projects\cebu\src\absurdity.cpp">
      <Filter>Source Files</Filter>
    </ClCompile>
    <ClCompile Include="D:\github projects\cebu\src\equivalence_classes.cpp">
      <Filter>Source Files</Filter>
    </ClCompile>
    <ClCompile Include="D:\github projects\cebu\src\simplicial_complex_non_hausdorff.cpp">
      <Filter>Source Files</Filter>
    </ClCompile>
    <ClCompile Include="D:\github projects\cebu\src\refinement.cpp">
      <Filter>Source Files</Filter>
    </ClCompile>
    <ClCompile Include="D:\github projects\cebu\src\event_system.cpp">
      <Filter>Source Files</Filter>
    </ClCompile>
    <ClCompile Include="D:\github projects\cebu\src\persistence.cpp">
      <Filter>Source Files</Filter>
    </ClCompile>
    <ClCompile Include="D:\github projects\cebu\src\json_serialization.cpp">
      <Filter>Source Files</Filter>
    </ClCompile>
    <ClCompile Include="D:\github projects\cebu\src\compression.cpp">
      <Filter>Source Files</Filter>
    </ClCompile>
    <ClCompile Include="D:\github projects\cebu\src\change_tracker.cpp">
      <Filter>Source Files</Filter>
    </ClCompile>
    <ClCompile Include="D:\github projects\cebu\src\snapshot_manager.cpp">
      <Filter>Source Files</Filter>
    </ClCompile>
    <ClCompile Include="D:\github projects\cebu\src\streaming_io.cpp">
      <Filter>Source Files</Filter>
    </ClCompile>
    <ClCompile Include="D:\github projects\cebu\src\version_control.cpp">
      <Filter>Source Files</Filter>
    </ClCompile>
    <ClCompile Include="D:\github projects\cebu\src\vertex_geometry.cpp">
      <Filter>Source Files</Filter>
    </ClCompile>
    <ClCompile Include="D:\github projects\cebu\src\bvh.cpp">
      <Filter>Source Files</Filter>
    </ClCompile>
    <ClCompile Include="D:\github projects\cebu\src\octree.cpp">
      <Filter>Source Files</Filter>
    </ClCompile>
    <ClCompile Include="D:\github projects\cebu\src\parallel_executor.cpp">
      <Filter>Source Files</Filter>
    </ClCompile>
    <ClCompile Include="D:\github projects\cebu\src\benchmark.cpp">
      <Filter>Source Files</Filter>
    </ClCompile>
    <ClCompile Include="D:\github projects\cebu\src\profiler.cpp">
      <Filter>Source Files</Filter>
    </ClCompile>
  </ItemGroup>
  <ItemGroup>
    <CustomBuild Include="D:\github projects\cebu\CMakeLists.txt" />
  </ItemGroup>
  <ItemGroup>
    <Filter Include="Source Files">
      <UniqueIdentifier>{AB3EFCDC-FF83-303D-9608-86C2DBF24AF3}</UniqueIdentifier>
    </Filter>
  </ItemGroup>
</Project>
