<?xml version="1.0" encoding="UTF-8"?>
<Solution>
	<Configurations>
		<BuildType Name="Debug"/>
		<BuildType Name="Release"/>
		<BuildType Name="MinSizeRel"/>
		<BuildType Name="RelWithDebInfo"/>
		<Platform Name="x64"/>
	</Configurations>
	<Project Path="ALL_BUILD.vcxproj" Type="8bc9ceb8-8b4a-11d0-8d11-00a0c91bc942" Id="1c7d63fd-50aa-3662-ae40-48ebf28241a7" DefaultStartup="true">
		<BuildDependency Project="ZERO_CHECK.vcxproj"/>
		<BuildDependency Project="cebu_core.vcxproj"/>
		<BuildDependency Project="phase8c_demo.vcxproj"/>
		<BuildDependency Project="phase8d_benchmark.vcxproj"/>
		<BuildDependency Project="phase9a_demo.vcxproj"/>
		<BuildDependency Project="phase9a_minimal_test.vcxproj"/>
		<BuildDependency Project="phase9b_demo.vcxproj"/>
		<BuildDependency Project="phase9c_demo.vcxproj"/>
		<BuildDependency Project="test_basic.vcxproj"/>
		<BuildDependency Project="test_binary_serialization.vcxproj"/>
		<BuildDependency Project="test_bvh.vcxproj"/>
		<BuildDependency Project="test_bvh_compilation.vcxproj"/>
		<BuildDependency Project="test_change_tracker.vcxproj"/>
		<BuildDependency Project="test_command_history.vcxproj"/>
		<BuildDependency Project="test_compression.vcxproj"/>
		<BuildDependency Project="test_dynamic.vcxproj"/>
		<BuildDependency Project="test_equivalence_classes.vcxproj"/>
		<BuildDependency Project="test_event_system.vcxproj"/>
		<BuildDependency Project="test_json_serialization.vcxproj"/>
		<BuildDependency Project="test_labels.vcxproj"/>
		<BuildDependency Project="test_narrative.vcxproj"/>
		<BuildDependency Project="test_non_hausdorff.vcxproj"/>
		<BuildDependency Project="test_non_hausdorff_serialization.vcxproj"/>
		<BuildDependency Project="test_octree.vcxproj"/>
		<BuildDependency Project="test_octree_compilation.vcxproj"/>
		<BuildDependency Project="test_parallel_executor.vcxproj"/>
		<BuildDependency Project="test_persistence.vcxproj"/>
		<BuildDependency Project="test_phase9a_absurdity.vcxproj"/>
		<BuildDependency Project="test_phase9b_morph.vcxproj"/>
		<BuildDependency Project="test_phase9c_narrative.vcxproj"/>
		<BuildDependency Project="test_refinement.vcxproj"/>
		<BuildDependency Project="test_serialization.vcxproj"/>
		<BuildDependency Project="test_snapshot_manager.vcxproj"/>
		<BuildDependency Project="test_story_events.vcxproj"/>
		<BuildDependency Project="test_streaming_io.vcxproj"/>
		<BuildDependency Project="test_timeline.vcxproj"/>
		<BuildDependency Project="test_topology_ops.vcxproj"/>
		<BuildDependency Project="test_topology_ops_advanced.vcxproj"/>
		<BuildDependency Project="test_version_control.vcxproj"/>
		<BuildDependency Project="test_vertex_geometry.vcxproj"/>
		<BuildDependency Project="test_vertex_geometry_compilation.vcxproj"/>
		<Build Solution="Debug|*" Project="false"/>
		<Build Solution="Release|*" Project="false"/>
		<Build Solution="MinSizeRel|*" Project="false"/>
		<Build Solution="RelWithDebInfo|*" Project="false"/>
	</Project>
	<Project Path="RUN_TESTS.vcxproj" Type="8bc9ceb8-8b4a-11d0-8d11-00a0c91bc942" Id="2e3c0992-757e-39ea-94a5-aaf5fe4e39ce">
		<BuildDependency Project="ZERO_CHECK.vcxproj"/>
		<Build Solution="Debug|*" Project="false"/>
		<Build Solution="Release|*" Project="false"/>
		<Build Solution="MinSizeRel|*" Project="false"/>
		<Build Solution="RelWithDebInfo|*" Project="false"/>
	</Project>
	<Project Path="ZERO_CHECK.vcxproj" Type="8bc9ceb8-8b4a-11d0-8d11-00a0c91bc942" Id="64379ff1-7c01-379c-933f-36959a3ca302"/>
	<Project Path="cebu_core.vcxproj" Type="8bc9ceb8-8b4a-11d0-8d11-00a0c91bc942" Id="c2422bdc-b43b-39f5-92f2-37aadb0c5e9c">
		<BuildDependency Project="ZERO_CHECK.vcxproj"/>
	</Project>
	<Project Path="phase8c_demo.vcxproj" Type="8bc9ceb8-8b4a-11d0-8d11-00a0c91bc942" Id="7842d6d4-f4f8-3d04-82e3-ea3f01d1c3f4">
		<BuildDependency Project="ZERO_CHECK.vcxproj"/>
		<BuildDependency Project="cebu_core.vcxproj"/>
	</Project>
	<Project Path="phase8d_benchmark.vcxproj" Type="8bc9ceb8-8b4a-11d0-8d11-00a0c91bc942" Id="84c490f7-9cc3-34d4-b4f9-6c70b1c4af49">
		<BuildDependency Project="ZERO_CHECK.vcxproj"/>
		<BuildDependency Project="cebu_core.vcxproj"/>
	</Project>
	<Project Path="phase9a_demo.vcxproj" Type="8bc9ceb8-8b4a-11d0-8d11-00a0c91bc942" Id="29ec41e8-4234-3385-8b84-bde0f0a262a4">
		<BuildDependency Project="ZERO_CHECK.vcxproj"/>
		<BuildDependency Project="cebu_core.vcxproj"/>
	</Project>
	<Project Path="phase9a_minimal_test.vcxproj" Type="8bc9ceb8-8b4a-11d0-8d11-00a0c91bc942" Id="96cbaf1b-9ed7-3346-839e-979a7dc74be9">
		<BuildDependency Project="ZERO_CHECK.vcxproj"/>
		<BuildDependency Project="cebu_core.vcxproj"/>
	</Project>
	<Project Path="phase9b_demo.vcxproj" Type="8bc9ceb8-8b4a-11d0-8d11-00a0c91bc942" Id="0a19e91e-441b-369b-ba40-d814b4947208">
		<BuildDependency Project="ZERO_CHECK.vcxproj"/>
		<BuildDependency Project="cebu_core.vcxproj"/>
	</Project>
	<Project Path="phase9c_demo.vcxproj" Type="8bc9ceb8-8b4a-11d0-8d11-00a0c91bc942" Id="ede3ae3f-cdf7-3308-a248-523a1b432c7c">
		<BuildDependency Project="ZERO_CHECK.vcxproj"/>
		<BuildDependency Project="cebu_core.vcxproj"/>
	</Project>
	<Project Path="test_basic.vcxproj" Type="8bc9ceb8-8b4a-11d0-8d11-00a0c91bc942" Id="a231e592-eca3-34bf-87a0-0a1c100f51d1">
		<BuildDependency Project="ZERO_CHECK.vcxproj"/>
		<BuildDependency Project="cebu_core.vcxproj"/>
	</Project>
	<Project Path="test_binary_serialization.vcxproj" Type="8bc9ceb8-8b4a-11d0-8d11-00a0c91bc942" Id="64962562-ea49-38b4-9e4c-53a2519a123f">
		<BuildDependency Project="ZERO_CHECK.vcxproj"/>
		<BuildDependency Project="cebu_core.vcxproj"/>
	</Project>
	<Project Path="test_bvh.vcxproj" Type="8bc9ceb8-8b4a-11d0-8d11-00a0c91bc942" Id="41e3eb97-9f97-3fa7-a650-77ce8f506ec8">
		<BuildDependency Project="ZERO_CHECK.vcxproj"/>
		<BuildDependency Project="cebu_core.vcxproj"/>
	</Project>
	<Project Path="test_bvh_compilation.vcxproj" Type="8bc9ceb8-8b4a-11d0-8d11-00a0c91bc942" Id="db86e169-619a-3d33-8091-bcd723b39b07">
		<BuildDependency Project="ZERO_CHECK.vcxproj"/>
		<BuildDependency Project="cebu_core.vcxproj"/>
	</Project>
	<Project Path="test_change_tracker.vcxproj" Type="8bc9ceb8-8b4a-11d0-8d11-00a0c91bc942" Id="6e6e75d3-0841-33ec-a3c1-0fabce1afedd">
		<BuildDependency Project="ZERO_CHECK.vcxproj"/>
		<BuildDependency Project="cebu_core.vcxproj"/>
	</Project>
	<Project Path="test_command_history.vcxproj" Type="8bc9ceb8-8b4a-11d0-8d11-00a0c91bc942" Id="f836e1ec-9097-30b9-bd61-b3213baa6cf2">
		<BuildDependency Project="ZERO_CHECK.vcxproj"/>
		<BuildDependency Project="cebu_core.vcxproj"/>
	</Project>
	<Project Path="test_compression.vcxproj" Type="8bc9ceb8-8b4a-11d0-8d11-00a0c91bc942" Id="d96ca3b7-6982-38da-b914-b4dfabb5cdfd">
		<BuildDependency Project="ZERO_CHECK.vcxproj"/>
		<BuildDependency Project="cebu_core.vcxproj"/>
	</Project>
	<Project Path="test_dynamic.vcxproj" Type="8bc9ceb8-8b4a-11d0-8d11-00a0c91bc942" Id="8edd4701-1203-3deb-bb7d-9fb6061db13e">
		<BuildDependency Project="ZERO_CHECK.vcxproj"/>
		<BuildDependency Project="cebu_core.vcxproj"/>
	</Project>
	<Project Path="test_equivalence_classes.vcxproj" Type="8bc9ceb8-8b4a-11d0-8d11-00a0c91bc942" Id="8aa53c7f-b68c-3d8a-b8c3-badc18812405">
		<BuildDependency Project="ZERO_CHECK.vcxproj"/>
		<BuildDependency Project="cebu_core.vcxproj"/>
	</Project>
	<Project Path="test_event_system.vcxproj" Type="8bc9ceb8-8b4a-11d0-8d11-00a0c91bc942" Id="389e1a81-0be3-3c42-9ce4-5b2d340ffcbc">
		<BuildDependency Project="ZERO_CHECK.vcxproj"/>
		<BuildDependency Project="cebu_core.vcxproj"/>
	</Project>
	<Project Path="test_json_serialization.vcxproj" Type="8bc9ceb8-8b4a-11d0-8d11-00a0c91bc942" Id="08f74b7a-bea8-328e-9881-630675f5514a">
		<BuildDependency Project="ZERO_CHECK.vcxproj"/>
		<BuildDependency Project="cebu_core.vcxproj"/>
	</Project>
	<Project Path="test_labels.vcxproj" Type="8bc9ceb8-8b4a-11d0-8d11-00a0c91bc942" Id="d3059474-6e15-3540-a057-4cc10a386946">
		<BuildDependency Project="ZERO_CHECK.vcxproj"/>
		<BuildDependency Project="cebu_core.vcxproj"/>
	</Project>
	<Project Path="test_narrative.vcxproj" Type="8bc9ceb8-8b4a-11d0-8d11-00a0c91bc942" Id="a213d276-e2fa-3ded-b422-2f7feffcf0bb">
		<BuildDependency Project="ZERO_CHECK.vcxproj"/>
		<BuildDependency Project="cebu_core.vcxproj"/>
	</Project>
	<Project Path="test_non_hausdorff.vcxproj" Type="8bc9ceb8-8b4a-11d0-8d11-00a0c91bc942" Id="019e77aa-3685-39fe-92ee-594b8a5d4e1f">
		<BuildDependency Project="ZERO_CHECK.vcxproj"/>
		<BuildDependency Project="cebu_core.vcxproj"/>
	</Project>
	<Project Path="test_non_hausdorff_serialization.vcxproj" Type="8bc9ceb8-8b4a-11d0-8d11-00a0c91bc942" Id="12e44fc0-d8be-39cc-9e3b-c957e03cad6a">
		<BuildDependency Project="ZERO_CHECK.vcxproj"/>
		<BuildDependency Project="cebu_core.vcxproj"/>
	</Project>
	<Project Path="test_octree.vcxproj" Type="8bc9ceb8-8b4a-11d0-8d11-00a0c91bc942" Id="dd89a831-75d3-3e22-9676-31cca49f4367">
		<BuildDependency Project="ZERO_CHECK.vcxproj"/>
		<BuildDependency Project="cebu_core.vcxproj"/>
	</Project>
	<Project Path="test_octree_compilation.vcxproj" Type="8bc9ceb8-8b4a-11d0-8d11-00a0c91bc942" Id="37a091e6-60a8-3dba-8935-c502d5d4b762">
		<BuildDependency Project="ZERO_CHECK.vcxproj"/>
		<BuildDependency Project="cebu_core.vcxproj"/>
	</Project>
	<Project Path="test_parallel_executor.vcxproj" Type="8bc9ceb8-8b4a-11d0-8d11-00a0c91bc942" Id="54ab580c-1e9f-3498-bb27-497ad10b1db4">
		<BuildDependency Project="ZERO_CHECK.vcxproj"/>
		<BuildDependency Project="cebu_core.vcxproj"/>
	</Project>
	<Project Path="test_persistence.vcxproj" Type="8bc9ceb8-8b4a-11d0-8d11-00a0c91bc942" Id="ef85cf6f-0ef0-3ff5-ac8c-07f995549ace">
		<BuildDependency Project="ZERO_CHECK.vcxproj"/>
		<BuildDependency Project="cebu_core.vcxproj"/>
	</Project>
	<Project Path="test_phase9a_absurdity.vcxproj" Type="8bc9ceb8-8b4a-11d0-8d11-00a0c91bc942" Id="4df82b4f-0854-3b6c-8887-90a3d108c0bd">
		<BuildDependency Project="ZERO_CHECK.vcxproj"/>
		<BuildDependency Project="cebu_core.vcxproj"/>
	</Project>
	<Project Path="test_phase9b_morph.vcxproj" Type="8bc9ceb8-8b4a-11d0-8d11-00a0c91bc942" Id="ea62c6b8-ed10-3a22-a172-4a3c34736c63">
		<BuildDependency Project="ZERO_CHECK.vcxproj"/>
		<BuildDependency Project="cebu_core.vcxproj"/>
	</Project>
	<Project Path="test_phase9c_narrative.vcxproj" Type="8bc9ceb8-8b4a-11d0-8d11-00a0c91bc942" Id="ef5c50fa-e943-3d33-86b2-719a39d8fd02">
		<BuildDependency Project="ZERO_CHECK.vcxproj"/>
		<BuildDependency Project="cebu_core.vcxproj"/>
	</Project>
	<Project Path="test_refinement.vcxproj" Type="8bc9ceb8-8b4a-11d0-8d11-00a0c91bc942" Id="09e0658c-854c-303d-8f77-d3ffa44c44b4">
		<BuildDependency Project="ZERO_CHECK.vcxproj"/>
		<BuildDependency Project="cebu_core.vcxproj"/>
	</Project>
	<Project Path="test_serialization.vcxproj" Type="8bc9ceb8-8b4a-11d0-8d11-00a0c91bc942" Id="60434a7b-fac4-36c8-b2ec-e6834a24eac1">
		<BuildDependency Project="ZERO_CHECK.vcxproj"/>
		<BuildDependency Project="cebu_core.vcxproj"/>
	</Project>
	<Project Path="test_snapshot_manager.vcxproj" Type="8bc9ceb8-8b4a-11d0-8d11-00a0c91bc942" Id="cadc6ce6-a5a6-302c-b317-96d0deeaf0d0">
		<BuildDependency Project="ZERO_CHECK.vcxproj"/>
		<BuildDependency Project="cebu_core.vcxproj"/>
	</Project>
	<Project Path="test_story_events.vcxproj" Type="8bc9ceb8-8b4a-11d0-8d11-00a0c91bc942" Id="24b9831a-5b82-3528-b2bb-b71c1b4516c7">
		<BuildDependency Project="ZERO_CHECK.vcxproj"/>
		<BuildDependency Project="cebu_core.vcxproj"/>
	</Project>
	<Project Path="test_streaming_io.vcxproj" Type="8bc9ceb8-8b4a-11d0-8d11-00a0c91bc942" Id="07062f23-ccb8-344e-a287-0d89f4a63144">
		<BuildDependency Project="ZERO_CHECK.vcxproj"/>
		<BuildDependency Project="cebu_core.vcxproj"/>
	</Project>
	<Project Path="test_timeline.vcxproj" Type="8bc9ceb8-8b4a-11d0-8d11-00a0c91bc942" Id="9c16242c-9a02-3a8b-a4a7-7c7071e94515">
		<BuildDependency Project="ZERO_CHECK.vcxproj"/>
		<BuildDependency Project="cebu_core.vcxproj"/>
	</Project>
	<Project Path="test_topology_ops.vcxproj" Type="8bc9ceb8-8b4a-11d0-8d11-00a0c91bc942" Id="97394e1b-c182-3c01-9aa4-6acb760129d5">
		<BuildDependency Project="ZERO_CHECK.vcxproj"/>
		<BuildDependency Project="cebu_core.vcxproj"/>
	</Project>
	<Project Path="test_topology_ops_advanced.vcxproj" Type="8bc9ceb8-8b4a-11d0-8d11-00a0c91bc942" Id="86156f04-7de1-3118-8e7a-1bcc1587481e">
		<BuildDependency Project="ZERO_CHECK.vcxproj"/>
		<BuildDependency Project="cebu_core.vcxproj"/>
	</Project>
	<Project Path="test_version_control.vcxproj" Type="8bc9ceb8-8b4a-11d0-8d11-00a0c91bc942" Id="9d843f44-85dc-34ce-ba6a-9675937b74ce">
		<BuildDependency Project="ZERO_CHECK.vcxproj"/>
		<BuildDependency Project="cebu_core.vcxproj"/>
	</Project>
	<Project Path="test_vertex_geometry.vcxproj" Type="8bc9ceb8-8b4a-11d0-8d11-00a0c91bc942" Id="0b75eb93-9b19-3630-8c25-7344cdd148a5">
		<BuildDependency Project="ZERO_CHECK.vcxproj"/>
		<BuildDependency Project="cebu_core.vcxproj"/>
	</Project>
	<Project Path="test_vertex_geometry_compilation.vcxproj" Type="8bc9ceb8-8b4a-11d0-8d11-00a0c91bc942" Id="fda2bb00-874a-31c9-8143-79f5854dbee1">
		<BuildDependency Project="ZERO_CHECK.vcxproj"/>
		<BuildDependency Project="cebu_core.vcxproj"/>
	</Project>
</Solution>
